// !$*UTF8*$!
{
	archiveVersion = 1;
	classes = {
	};
	objectVersion = 50;
	objects = {

/* Begin PBXBuildFile section */
		3F003F17216C935C006C39D6 /* AppDelegate.swift in Sources */ = {isa = PBXBuildFile; fileRef = 3F003F16216C935C006C39D6 /* AppDelegate.swift */; };
		3F003F19216C935C006C39D6 /* ViewController.swift in Sources */ = {isa = PBXBuildFile; fileRef = 3F003F18216C935C006C39D6 /* ViewController.swift */; };
		3F003F1C216C935C006C39D6 /* Main.storyboard in Resources */ = {isa = PBXBuildFile; fileRef = 3F003F1A216C935C006C39D6 /* Main.storyboard */; };
		3F003F1E216C935E006C39D6 /* Assets.xcassets in Resources */ = {isa = PBXBuildFile; fileRef = 3F003F1D216C935E006C39D6 /* Assets.xcassets */; };
		3F003F21216C935E006C39D6 /* LaunchScreen.storyboard in Resources */ = {isa = PBXBuildFile; fileRef = 3F003F1F216C935E006C39D6 /* LaunchScreen.storyboard */; };
		CA039062217727B700540A6C /* WeatherGetter.swift in Sources */ = {isa = PBXBuildFile; fileRef = CA039061217727B700540A6C /* WeatherGetter.swift */; };
		CADA1F4D21778EBF00C408F5 /* WindDirection.swift in Sources */ = {isa = PBXBuildFile; fileRef = CADA1F4C21778EBF00C408F5 /* WindDirection.swift */; };
		CADA1F5B217791FE00C408F5 /* clear-night.png in Resources */ = {isa = PBXBuildFile; fileRef = CADA1F4E217791FD00C408F5 /* clear-night.png */; };
		CADA1F5C217791FE00C408F5 /* rain.png in Resources */ = {isa = PBXBuildFile; fileRef = CADA1F4F217791FD00C408F5 /* rain.png */; };
		CADA1F5D217791FE00C408F5 /* tornado.png in Resources */ = {isa = PBXBuildFile; fileRef = CADA1F50217791FE00C408F5 /* tornado.png */; };
		CADA1F5E217791FE00C408F5 /* hail.png in Resources */ = {isa = PBXBuildFile; fileRef = CADA1F51217791FE00C408F5 /* hail.png */; };
		CADA1F5F217791FE00C408F5 /* partly-cloudy-day.png in Resources */ = {isa = PBXBuildFile; fileRef = CADA1F52217791FE00C408F5 /* partly-cloudy-day.png */; };
		CADA1F60217791FE00C408F5 /* partly-cloudy-night.png in Resources */ = {isa = PBXBuildFile; fileRef = CADA1F53217791FE00C408F5 /* partly-cloudy-night.png */; };
		CADA1F61217791FE00C408F5 /* cloudy.png in Resources */ = {isa = PBXBuildFile; fileRef = CADA1F54217791FE00C408F5 /* cloudy.png */; };
		CADA1F62217791FE00C408F5 /* snow.png in Resources */ = {isa = PBXBuildFile; fileRef = CADA1F55217791FE00C408F5 /* snow.png */; };
		CADA1F63217791FE00C408F5 /* sleet.png in Resources */ = {isa = PBXBuildFile; fileRef = CADA1F56217791FE00C408F5 /* sleet.png */; };
		CADA1F64217791FE00C408F5 /* clear-day.png in Resources */ = {isa = PBXBuildFile; fileRef = CADA1F57217791FE00C408F5 /* clear-day.png */; };
		CADA1F65217791FE00C408F5 /* thunderstorm.png in Resources */ = {isa = PBXBuildFile; fileRef = CADA1F58217791FE00C408F5 /* thunderstorm.png */; };
		CADA1F66217791FE00C408F5 /* wind.png in Resources */ = {isa = PBXBuildFile; fileRef = CADA1F59217791FE00C408F5 /* wind.png */; };
		CADA1F67217791FE00C408F5 /* fog.png in Resources */ = {isa = PBXBuildFile; fileRef = CADA1F5A217791FE00C408F5 /* fog.png */; };
/* End PBXBuildFile section */

/* Begin PBXFileReference section */
		3F003F13216C935C006C39D6 /* Wheather App.app */ = {isa = PBXFileReference; explicitFileType = wrapper.application; includeInIndex = 0; path = "Wheather App.app"; sourceTree = BUILT_PRODUCTS_DIR; };
		3F003F16216C935C006C39D6 /* AppDelegate.swift */ = {isa = PBXFileReference; lastKnownFileType = sourcecode.swift; path = AppDelegate.swift; sourceTree = "<group>"; };
		3F003F18216C935C006C39D6 /* ViewController.swift */ = {isa = PBXFileReference; lastKnownFileType = sourcecode.swift; path = ViewController.swift; sourceTree = "<group>"; };
		3F003F1B216C935C006C39D6 /* Base */ = {isa = PBXFileReference; lastKnownFileType = file.storyboard; name = Base; path = Base.lproj/Main.storyboard; sourceTree = "<group>"; };
		3F003F1D216C935E006C39D6 /* Assets.xcassets */ = {isa = PBXFileReference; lastKnownFileType = folder.assetcatalog; path = Assets.xcassets; sourceTree = "<group>"; };
		3F003F20216C935E006C39D6 /* Base */ = {isa = PBXFileReference; lastKnownFileType = file.storyboard; name = Base; path = Base.lproj/LaunchScreen.storyboard; sourceTree = "<group>"; };
		3F003F22216C935E006C39D6 /* Info.plist */ = {isa = PBXFileReference; lastKnownFileType = text.plist.xml; path = Info.plist; sourceTree = "<group>"; };
		CA039061217727B700540A6C /* WeatherGetter.swift */ = {isa = PBXFileReference; fileEncoding = 4; lastKnownFileType = sourcecode.swift; path = WeatherGetter.swift; sourceTree = "<group>"; };
		CADA1F4C21778EBF00C408F5 /* WindDirection.swift */ = {isa = PBXFileReference; fileEncoding = 4; lastKnownFileType = sourcecode.swift; path = WindDirection.swift; sourceTree = "<group>"; };
		CADA1F4E217791FD00C408F5 /* clear-night.png */ = {isa = PBXFileReference; lastKnownFileType = image.png; name = "clear-night.png"; path = "img/clear-night.png"; sourceTree = "<group>"; };
		CADA1F4F217791FD00C408F5 /* rain.png */ = {isa = PBXFileReference; lastKnownFileType = image.png; name = rain.png; path = img/rain.png; sourceTree = "<group>"; };
		CADA1F50217791FE00C408F5 /* tornado.png */ = {isa = PBXFileReference; lastKnownFileType = image.png; name = tornado.png; path = img/tornado.png; sourceTree = "<group>"; };
		CADA1F51217791FE00C408F5 /* hail.png */ = {isa = PBXFileReference; lastKnownFileType = image.png; name = hail.png; path = img/hail.png; sourceTree = "<group>"; };
		CADA1F52217791FE00C408F5 /* partly-cloudy-day.png */ = {isa = PBXFileReference; lastKnownFileType = image.png; name = "partly-cloudy-day.png"; path = "img/partly-cloudy-day.png"; sourceTree = "<group>"; };
		CADA1F53217791FE00C408F5 /* partly-cloudy-night.png */ = {isa = PBXFileReference; lastKnownFileType = image.png; name = "partly-cloudy-night.png"; path = "img/partly-cloudy-night.png"; sourceTree = "<group>"; };
		CADA1F54217791FE00C408F5 /* cloudy.png */ = {isa = PBXFileReference; lastKnownFileType = image.png; name = cloudy.png; path = img/cloudy.png; sourceTree = "<group>"; };
		CADA1F55217791FE00C408F5 /* snow.png */ = {isa = PBXFileReference; lastKnownFileType = image.png; name = snow.png; path = img/snow.png; sourceTree = "<group>"; };
		CADA1F56217791FE00C408F5 /* sleet.png */ = {isa = PBXFileReference; lastKnownFileType = image.png; name = sleet.png; path = img/sleet.png; sourceTree = "<group>"; };
		CADA1F57217791FE00C408F5 /* clear-day.png */ = {isa = PBXFileReference; lastKnownFileType = image.png; name = "clear-day.png"; path = "img/clear-day.png"; sourceTree = "<group>"; };
		CADA1F58217791FE00C408F5 /* thunderstorm.png */ = {isa = PBXFileReference; lastKnownFileType = image.png; name = thunderstorm.png; path = img/thunderstorm.png; sourceTree = "<group>"; };
		CADA1F59217791FE00C408F5 /* wind.png */ = {isa = PBXFileReference; lastKnownFileType = image.png; name = wind.png; path = img/wind.png; sourceTree = "<group>"; };
		CADA1F5A217791FE00C408F5 /* fog.png */ = {isa = PBXFileReference; lastKnownFileType = image.png; name = fog.png; path = img/fog.png; sourceTree = "<group>"; };
/* End PBXFileReference section */

/* Begin PBXFrameworksBuildPhase section */
		3F003F10216C935C006C39D6 /* Frameworks */ = {
			isa = PBXFrameworksBuildPhase;
			buildActionMask = 2147483647;
			files = (
			);
			runOnlyForDeploymentPostprocessing = 0;
		};
/* End PBXFrameworksBuildPhase section */

/* Begin PBXGroup section */
		3F003F0A216C935C006C39D6 = {
			isa = PBXGroup;
			children = (
				3F003F15216C935C006C39D6 /* Wheather App */,
				3F003F14216C935C006C39D6 /* Products */,
			);
			sourceTree = "<group>";
		};
		3F003F14216C935C006C39D6 /* Products */ = {
			isa = PBXGroup;
			children = (
				3F003F13216C935C006C39D6 /* Wheather App.app */,
			);
			name = Products;
			sourceTree = "<group>";
		};
		3F003F15216C935C006C39D6 /* Wheather App */ = {
			isa = PBXGroup;
			children = (
				3F003F16216C935C006C39D6 /* AppDelegate.swift */,
				3F003F18216C935C006C39D6 /* ViewController.swift */,
				CADA1F57217791FE00C408F5 /* clear-day.png */,
				CADA1F4E217791FD00C408F5 /* clear-night.png */,
				CADA1F54217791FE00C408F5 /* cloudy.png */,
				CADA1F5A217791FE00C408F5 /* fog.png */,
				CADA1F51217791FE00C408F5 /* hail.png */,
				CADA1F52217791FE00C408F5 /* partly-cloudy-day.png */,
				CADA1F53217791FE00C408F5 /* partly-cloudy-night.png */,
				CADA1F4F217791FD00C408F5 /* rain.png */,
				CADA1F56217791FE00C408F5 /* sleet.png */,
				CADA1F55217791FE00C408F5 /* snow.png */,
				CADA1F58217791FE00C408F5 /* thunderstorm.png */,
				CADA1F50217791FE00C408F5 /* tornado.png */,
				CADA1F59217791FE00C408F5 /* wind.png */,
				CADA1F4C21778EBF00C408F5 /* WindDirection.swift */,
				CA039061217727B700540A6C /* WeatherGetter.swift */,
				3F003F1A216C935C006C39D6 /* Main.storyboard */,
				3F003F1D216C935E006C39D6 /* Assets.xcassets */,
				3F003F1F216C935E006C39D6 /* LaunchScreen.storyboard */,
				3F003F22216C935E006C39D6 /* Info.plist */,
			);
			path = "Wheather App";
			sourceTree = "<group>";
		};
/* End PBXGroup section */

/* Begin PBXNativeTarget section */
		3F003F12216C935C006C39D6 /* Wheather App */ = {
			isa = PBXNativeTarget;
			buildConfigurationList = 3F003F25216C935E006C39D6 /* Build configuration list for PBXNativeTarget "Wheather App" */;
			buildPhases = (
				3F003F0F216C935C006C39D6 /* Sources */,
				3F003F10216C935C006C39D6 /* Frameworks */,
				3F003F11216C935C006C39D6 /* Resources */,
			);
			buildRules = (
			);
			dependencies = (
			);
			name = "Wheather App";
			productName = "Wheather App";
			productReference = 3F003F13216C935C006C39D6 /* Wheather App.app */;
			productType = "com.apple.product-type.application";
		};
/* End PBXNativeTarget section */

/* Begin PBXProject section */
		3F003F0B216C935C006C39D6 /* Project object */ = {
			isa = PBXProject;
			attributes = {
				LastSwiftUpdateCheck = 1000;
				LastUpgradeCheck = 1000;
				ORGANIZATIONNAME = agh;
				TargetAttributes = {
					3F003F12216C935C006C39D6 = {
						CreatedOnToolsVersion = 10.0;
					};
				};
			};
			buildConfigurationList = 3F003F0E216C935C006C39D6 /* Build configuration list for PBXProject "Wheather App" */;
			compatibilityVersion = "Xcode 9.3";
			developmentRegion = en;
			hasScannedForEncodings = 0;
			knownRegions = (
				en,
				Base,
			);
			mainGroup = 3F003F0A216C935C006C39D6;
			productRefGroup = 3F003F14216C935C006C39D6 /* Products */;
			projectDirPath = "";
			projectRoot = "";
			targets = (
				3F003F12216C935C006C39D6 /* Wheather App */,
			);
		};
/* End PBXProject section */

/* Begin PBXResourcesBuildPhase section */
		3F003F11216C935C006C39D6 /* Resources */ = {
			isa = PBXResourcesBuildPhase;
			buildActionMask = 2147483647;
			files = (
				CADA1F65217791FE00C408F5 /* thunderstorm.png in Resources */,
				CADA1F5B217791FE00C408F5 /* clear-night.png in Resources */,
				CADA1F63217791FE00C408F5 /* sleet.png in Resources */,
				CADA1F5D217791FE00C408F5 /* tornado.png in Resources */,
				CADA1F5C217791FE00C408F5 /* rain.png in Resources */,
				CADA1F64217791FE00C408F5 /* clear-day.png in Resources */,
				CADA1F67217791FE00C408F5 /* fog.png in Resources */,
				CADA1F61217791FE00C408F5 /* cloudy.png in Resources */,
				3F003F21216C935E006C39D6 /* LaunchScreen.storyboard in Resources */,
				CADA1F5F217791FE00C408F5 /* partly-cloudy-day.png in Resources */,
				CADA1F62217791FE00C408F5 /* snow.png in Resources */,
				3F003F1E216C935E006C39D6 /* Assets.xcassets in Resources */,
				CADA1F66217791FE00C408F5 /* wind.png in Resources */,
				CADA1F60217791FE00C408F5 /* partly-cloudy-night.png in Resources */,
				3F003F1C216C935C006C39D6 /* Main.storyboard in Resources */,
				CADA1F5E217791FE00C408F5 /* hail.png in Resources */,
			);
			runOnlyForDeploymentPostprocessing = 0;
		};
/* End PBXResourcesBuildPhase section */

/* Begin PBXSourcesBuildPhase section */
		3F003F0F216C935C006C39D6 /* Sources */ = {
			isa = PBXSourcesBuildPhase;
			buildActionMask = 2147483647;
			files = (
				3F003F19216C935C006C39D6 /* ViewController.swift in Sources */,
				CADA1F4D21778EBF00C408F5 /* WindDirection.swift in Sources */,
				CA039062217727B700540A6C /* WeatherGetter.swift in Sources */,
				3F003F17216C935C006C39D6 /* AppDelegate.swift in Sources */,
			);
			runOnlyForDeploymentPostprocessing = 0;
		};
/* End PBXSourcesBuildPhase section */

/* Begin PBXVariantGroup section */
		3F003F1A216C935C006C39D6 /* Main.storyboard */ = {
			isa = PBXVariantGroup;
			children = (
				3F003F1B216C935C006C39D6 /* Base */,
			);
			name = Main.storyboard;
			sourceTree = "<group>";
		};
		3F003F1F216C935E006C39D6 /* LaunchScreen.storyboard */ = {
			isa = PBXVariantGroup;
			children = (
				3F003F20216C935E006C39D6 /* Base */,
			);
			name = LaunchScreen.storyboard;
			sourceTree = "<group>";
		};
/* End PBXVariantGroup section */

/* Begin XCBuildConfiguration section */
		3F003F23216C935E006C39D6 /* Debug */ = {
			isa = XCBuildConfiguration;
			buildSettings = {
				ALWAYS_SEARCH_USER_PATHS = NO;
				CLANG_ANALYZER_NONNULL = YES;
				CLANG_ANALYZER_NUMBER_OBJECT_CONVERSION = YES_AGGRESSIVE;
				CLANG_CXX_LANGUAGE_STANDARD = "gnu++14";
				CLANG_CXX_LIBRARY = "libc++";
				CLANG_ENABLE_MODULES = YES;
				CLANG_ENABLE_OBJC_ARC = YES;
				CLANG_ENABLE_OBJC_WEAK = YES;
				CLANG_WARN_BLOCK_CAPTURE_AUTORELEASING = YES;
				CLANG_WARN_BOOL_CONVERSION = YES;
				CLANG_WARN_COMMA = YES;
				CLANG_WARN_CONSTANT_CONVERSION = YES;
				CLANG_WARN_DEPRECATED_OBJC_IMPLEMENTATIONS = YES;
				CLANG_WARN_DIRECT_OBJC_ISA_USAGE = YES_ERROR;
				CLANG_WARN_DOCUMENTATION_COMMENTS = YES;
				CLANG_WARN_EMPTY_BODY = YES;
				CLANG_WARN_ENUM_CONVERSION = YES;
				CLANG_WARN_INFINITE_RECURSION = YES;
				CLANG_WARN_INT_CONVERSION = YES;
				CLANG_WARN_NON_LITERAL_NULL_CONVERSION = YES;
				CLANG_WARN_OBJC_IMPLICIT_RETAIN_SELF = YES;
				CLANG_WARN_OBJC_LITERAL_CONVERSION = YES;
				CLANG_WARN_OBJC_ROOT_CLASS = YES_ERROR;
				CLANG_WARN_RANGE_LOOP_ANALYSIS = YES;
				CLANG_WARN_STRICT_PROTOTYPES = YES;
				CLANG_WARN_SUSPICIOUS_MOVE = YES;
				CLANG_WARN_UNGUARDED_AVAILABILITY = YES_AGGRESSIVE;
				CLANG_WARN_UNREACHABLE_CODE = YES;
				CLANG_WARN__DUPLICATE_METHOD_MATCH = YES;
				CODE_SIGN_IDENTITY = "iPhone Developer";
				COPY_PHASE_STRIP = NO;
				DEBUG_INFORMATION_FORMAT = dwarf;
				ENABLE_STRICT_OBJC_MSGSEND = YES;
				ENABLE_TESTABILITY = YES;
				GCC_C_LANGUAGE_STANDARD = gnu11;
				GCC_DYNAMIC_NO_PIC = NO;
				GCC_NO_COMMON_BLOCKS = YES;
				GCC_OPTIMIZATION_LEVEL = 0;
				GCC_PREPROCESSOR_DEFINITIONS = (
					"DEBUG=1",
					"$(inherited)",
				);
				GCC_WARN_64_TO_32_BIT_CONVERSION = YES;
				GCC_WARN_ABOUT_RETURN_TYPE = YES_ERROR;
				GCC_WARN_UNDECLARED_SELECTOR = YES;
				GCC_WARN_UNINITIALIZED_AUTOS = YES_AGGRESSIVE;
				GCC_WARN_UNUSED_FUNCTION = YES;
				GCC_WARN_UNUSED_VARIABLE = YES;
				IPHONEOS_DEPLOYMENT_TARGET = 12.0;
				MTL_ENABLE_DEBUG_INFO = INCLUDE_SOURCE;
				MTL_FAST_MATH = YES;
				ONLY_ACTIVE_ARCH = YES;
				SDKROOT = iphoneos;
				SWIFT_ACTIVE_COMPILATION_CONDITIONS = DEBUG;
				SWIFT_OPTIMIZATION_LEVEL = "-Onone";
			};
			name = Debug;
		};
		3F003F24216C935E006C39D6 /* Release */ = {
			isa = XCBuildConfiguration;
			buildSettings = {
				ALWAYS_SEARCH_USER_PATHS = NO;
				CLANG_ANALYZER_NONNULL = YES;
				CLANG_ANALYZER_NUMBER_OBJECT_CONVERSION = YES_AGGRESSIVE;
				CLANG_CXX_LANGUAGE_STANDARD = "gnu++14";
				CLANG_CXX_LIBRARY = "libc++";
				CLANG_ENABLE_MODULES = YES;
				CLANG_ENABLE_OBJC_ARC = YES;
				CLANG_ENABLE_OBJC_WEAK = YES;
				CLANG_WARN_BLOCK_CAPTURE_AUTORELEASING = YES;
				CLANG_WARN_BOOL_CONVERSION = YES;
				CLANG_WARN_COMMA = YES;
				CLANG_WARN_CONSTANT_CONVERSION = YES;
				CLANG_WARN_DEPRECATED_OBJC_IMPLEMENTATIONS = YES;
				CLANG_WARN_DIRECT_OBJC_ISA_USAGE = YES_ERROR;
				CLANG_WARN_DOCUMENTATION_COMMENTS = YES;
				CLANG_WARN_EMPTY_BODY = YES;
				CLANG_WARN_ENUM_CONVERSION = YES;
				CLANG_WARN_INFINITE_RECURSION = YES;
				CLANG_WARN_INT_CONVERSION = YES;
				CLANG_WARN_NON_LITERAL_NULL_CONVERSION = YES;
				CLANG_WARN_OBJC_IMPLICIT_RETAIN_SELF = YES;
				CLANG_WARN_OBJC_LITERAL_CONVERSION = YES;
				CLANG_WARN_OBJC_ROOT_CLASS = YES_ERROR;
				CLANG_WARN_RANGE_LOOP_ANALYSIS = YES;
				CLANG_WARN_STRICT_PROTOTYPES = YES;
				CLANG_WARN_SUSPICIOUS_MOVE = YES;
				CLANG_WARN_UNGUARDED_AVAILABILITY = YES_AGGRESSIVE;
				CLANG_WARN_UNREACHABLE_CODE = YES;
				CLANG_WARN__DUPLICATE_METHOD_MATCH = YES;
				CODE_SIGN_IDENTITY = "iPhone Developer";
				COPY_PHASE_STRIP = NO;
				DEBUG_INFORMATION_FORMAT = "dwarf-with-dsym";
				ENABLE_NS_ASSERTIONS = NO;
				ENABLE_STRICT_OBJC_MSGSEND = YES;
				GCC_C_LANGUAGE_STANDARD = gnu11;
				GCC_NO_COMMON_BLOCKS = YES;
				GCC_WARN_64_TO_32_BIT_CONVERSION = YES;
				GCC_WARN_ABOUT_RETURN_TYPE = YES_ERROR;
				GCC_WARN_UNDECLARED_SELECTOR = YES;
				GCC_WARN_UNINITIALIZED_AUTOS = YES_AGGRESSIVE;
				GCC_WARN_UNUSED_FUNCTION = YES;
				GCC_WARN_UNUSED_VARIABLE = YES;
				IPHONEOS_DEPLOYMENT_TARGET = 12.0;
				MTL_ENABLE_DEBUG_INFO = NO;
				MTL_FAST_MATH = YES;
				SDKROOT = iphoneos;
				SWIFT_COMPILATION_MODE = wholemodule;
				SWIFT_OPTIMIZATION_LEVEL = "-O";
				VALIDATE_PRODUCT = YES;
			};
			name = Release;
		};
		3F003F26216C935E006C39D6 /* Debug */ = {
			isa = XCBuildConfiguration;
			buildSettings = {
				ASSETCATALOG_COMPILER_APPICON_NAME = AppIcon;
				CODE_SIGN_STYLE = Automatic;
				INFOPLIST_FILE = "Wheather App/Info.plist";
				LD_RUNPATH_SEARCH_PATHS = (
					"$(inherited)",
					"@executable_path/Frameworks",
				);
				PRODUCT_BUNDLE_IDENTIFIER = "agh.lick.Wheather-App";
				PRODUCT_NAME = "$(TARGET_NAME)";
				SWIFT_VERSION = 4.2;
				TARGETED_DEVICE_FAMILY = "1,2";
			};
			name = Debug;
		};
		3F003F27216C935E006C39D6 /* Release */ = {
			isa = XCBuildConfiguration;
			buildSettings = {
				ASSETCATALOG_COMPILER_APPICON_NAME = AppIcon;
				CODE_SIGN_STYLE = Automatic;
				INFOPLIST_FILE = "Wheather App/Info.plist";
				LD_RUNPATH_SEARCH_PATHS = (
					"$(inherited)",
					"@executable_path/Frameworks",
				);
				PRODUCT_BUNDLE_IDENTIFIER = "agh.lick.Wheather-App";
				PRODUCT_NAME = "$(TARGET_NAME)";
				SWIFT_VERSION = 4.2;
				TARGETED_DEVICE_FAMILY = "1,2";
			};
			name = Release;
		};
/* End XCBuildConfiguration section */

/* Begin XCConfigurationList section */
		3F003F0E216C935C006C39D6 /* Build configuration list for PBXProject "Wheather App" */ = {
			isa = XCConfigurationList;
			buildConfigurations = (
				3F003F23216C935E006C39D6 /* Debug */,
				3F003F24216C935E006C39D6 /* Release */,
			);
			defaultConfigurationIsVisible = 0;
			defaultConfigurationName = Release;
		};
		3F003F25216C935E006C39D6 /* Build configuration list for PBXNativeTarget "Wheather App" */ = {
			isa = XCConfigurationList;
			buildConfigurations = (
				3F003F26216C935E006C39D6 /* Debug */,
				3F003F27216C935E006C39D6 /* Release */,
			);
			defaultConfigurationIsVisible = 0;
			defaultConfigurationName = Release;
		};
/* End XCConfigurationList section */
	};
	rootObject = 3F003F0B216C935C006C39D6 /* Project object */;
}
